{
  "name": "@curo/calculator-demo",
  "version": "0.0.1",
  "lockfileVersion": 1,
  "requires": true,
  "dependencies": {
    "@curo/calculator": {
      "version": "1.0.3",
      "resolved": "https://registry.npmjs.org/@curo/calculator/-/calculator-1.0.3.tgz",
      "integrity": "sha512-QUephBtsKJyhZQw6MSPygJD6Oug8xrJ3CZM+9tcZMe3oUdTUbUrdh6cnO7qO8YRHkYnFxlgymFXCvmsM3bh9wQ=="
    }
  }
}
